{
  "name": "MonForm",
  "version": "1.0.0",
  "lockfileVersion": 1,
  "requires": true,
  "dependencies": {
    "bootstrap": {
      "version": "5.0.0",
      "resolved": "https://registry.npmjs.org/bootstrap/-/bootstrap-5.0.0.tgz",
      "integrity": "sha512-tmhPET9B9qCl8dCofvHeiIhi49iBt0EehmIsziZib65k1erBW1rHhj2s/2JsuQh5Pq+xz2E9bEbzp9B7xHG+VA=="
    },
    "bootswatch": {
      "version": "5.0.0",
      "resolved": "https://registry.npmjs.org/bootswatch/-/bootswatch-5.0.0.tgz",
      "integrity": "sha512-IXmloGK/UjGvs22+3sSht4zK2dXK8EWV9j6NzLp/7EoVwi0Rg3to1Y99tAi16h4uHtoE32ci08Hx9yhhoCKKYA=="
    }
  }
}
